
Microsoft Visual Studio Solution File, Format Version 12.00
# Visual Studio Version 17
VisualStudioVersion = 17.11.35303.130
MinimumVisualStudioVersion = 10.0.40219.1
Project("{FAE04EC0-301F-11D3-BF4B-00C04F79EFBC}") = "Gestión Avanzada de Información Persona", "Gestión Avanzada de Información Persona\Gestión Avanzada de Información Persona.csproj", "{3096F19E-B967-49B4-9AE1-BEE1A0236B41}"
EndProject
Global
	GlobalSection(SolutionConfigurationPlatforms) = preSolution
		Debug|Any CPU = Debug|Any CPU
		Release|Any CPU = Release|Any CPU
	EndGlobalSection
	GlobalSection(ProjectConfigurationPlatforms) = postSolution
		{3096F19E-B967-49B4-9AE1-BEE1A0236B41}.Debug|Any CPU.ActiveCfg = Debug|Any CPU
		{3096F19E-B967-49B4-9AE1-BEE1A0236B41}.Debug|Any CPU.Build.0 = Debug|Any CPU
		{3096F19E-B967-49B4-9AE1-BEE1A0236B41}.Release|Any CPU.ActiveCfg = Release|Any CPU
		{3096F19E-B967-49B4-9AE1-BEE1A0236B41}.Release|Any CPU.Build.0 = Release|Any CPU
	EndGlobalSection
	GlobalSection(SolutionProperties) = preSolution
		HideSolutionNode = FALSE
	EndGlobalSection
	GlobalSection(ExtensibilityGlobals) = postSolution
		SolutionGuid = {1A245B75-A88B-4FB0-854E-80DB6861DE91}
	EndGlobalSection
EndGlobal
